
Microsoft Visual Studio Solution File, Format Version 12.00
# Visual Studio Version 17
VisualStudioVersion = 17.4.33110.190
MinimumVisualStudioVersion = 10.0.40219.1
Project("{8BC9CEB8-8B4A-11D0-8D11-00A0C91BC942}") = "ConsoleApplication1", "ConsoleApplication1\ConsoleApplication1.vcxproj", "{F738D17B-18A6-49E8-83CE-A45E021563D7}"
EndProject
Project("{8BC9CEB8-8B4A-11D0-8D11-00A0C91BC942}") = "UnitTest1", "..\..\LABA_8.1_3\UnitTest1\UnitTest1.vcxproj", "{D8BB2615-CD3D-42AB-A806-527E0EFF23F0}"
EndProject
Global
	GlobalSection(SolutionConfigurationPlatforms) = preSolution
		Debug|x64 = Debug|x64
		Debug|x86 = Debug|x86
		Release|x64 = Release|x64
		Release|x86 = Release|x86
	EndGlobalSection
	GlobalSection(ProjectConfigurationPlatforms) = postSolution
		{F738D17B-18A6-49E8-83CE-A45E021563D7}.Debug|x64.ActiveCfg = Debug|x64
		{F738D17B-18A6-49E8-83CE-A45E021563D7}.Debug|x64.Build.0 = Debug|x64
		{F738D17B-18A6-49E8-83CE-A45E021563D7}.Debug|x86.ActiveCfg = Debug|Win32
		{F738D17B-18A6-49E8-83CE-A45E021563D7}.Debug|x86.Build.0 = Debug|Win32
		{F738D17B-18A6-49E8-83CE-A45E021563D7}.Release|x64.ActiveCfg = Release|x64
		{F738D17B-18A6-49E8-83CE-A45E021563D7}.Release|x64.Build.0 = Release|x64
		{F738D17B-18A6-49E8-83CE-A45E021563D7}.Release|x86.ActiveCfg = Release|Win32
		{F738D17B-18A6-49E8-83CE-A45E021563D7}.Release|x86.Build.0 = Release|Win32
		{D8BB2615-CD3D-42AB-A806-527E0EFF23F0}.Debug|x64.ActiveCfg = Debug|x64
		{D8BB2615-CD3D-42AB-A806-527E0EFF23F0}.Debug|x64.Build.0 = Debug|x64
		{D8BB2615-CD3D-42AB-A806-527E0EFF23F0}.Debug|x86.ActiveCfg = Debug|Win32
		{D8BB2615-CD3D-42AB-A806-527E0EFF23F0}.Debug|x86.Build.0 = Debug|Win32
		{D8BB2615-CD3D-42AB-A806-527E0EFF23F0}.Release|x64.ActiveCfg = Release|x64
		{D8BB2615-CD3D-42AB-A806-527E0EFF23F0}.Release|x64.Build.0 = Release|x64
		{D8BB2615-CD3D-42AB-A806-527E0EFF23F0}.Release|x86.ActiveCfg = Release|Win32
		{D8BB2615-CD3D-42AB-A806-527E0EFF23F0}.Release|x86.Build.0 = Release|Win32
	EndGlobalSection
	GlobalSection(SolutionProperties) = preSolution
		HideSolutionNode = FALSE
	EndGlobalSection
	GlobalSection(ExtensibilityGlobals) = postSolution
		SolutionGuid = {A8B914B4-D3E0-43B7-B1C1-DF912DAF46F0}
	EndGlobalSection
EndGlobal
